// !$*UTF8*$!
{
	archiveVersion = 1;
	classes = {
	};
	objectVersion = 46;
	objects = {

/* Begin PBXBuildFile section */
		29A1AF0B15D94B50D2353826 /* Pods_SocialMediaTests.framework in Frameworks */ = {isa = PBXBuildFile; fileRef = 41252D4F61EDAB9C30C6E4A4 /* Pods_SocialMediaTests.framework */; };
		36553763DD838F4F98920B73 /* Pods_SocialMedia.framework in Frameworks */ = {isa = PBXBuildFile; fileRef = 1F7F64FD3E6F3038FFAA679D /* Pods_SocialMedia.framework */; };
		7E0928131E4C4F9000336F75 /* AppDelegate.swift in Sources */ = {isa = PBXBuildFile; fileRef = 7E0928121E4C4F9000336F75 /* AppDelegate.swift */; };
		7E0928151E4C4F9000336F75 /* SignInVC.swift in Sources */ = {isa = PBXBuildFile; fileRef = 7E0928141E4C4F9000336F75 /* SignInVC.swift */; };
		7E0928181E4C4F9000336F75 /* Main.storyboard in Resources */ = {isa = PBXBuildFile; fileRef = 7E0928161E4C4F9000336F75 /* Main.storyboard */; };
		7E09281A1E4C4F9000336F75 /* Assets.xcassets in Resources */ = {isa = PBXBuildFile; fileRef = 7E0928191E4C4F9000336F75 /* Assets.xcassets */; };
		7E09281D1E4C4F9000336F75 /* LaunchScreen.storyboard in Resources */ = {isa = PBXBuildFile; fileRef = 7E09281B1E4C4F9000336F75 /* LaunchScreen.storyboard */; };
		7E0928281E4C4F9000336F75 /* SocialMediaTests.swift in Sources */ = {isa = PBXBuildFile; fileRef = 7E0928271E4C4F9000336F75 /* SocialMediaTests.swift */; };
		7E0928331E4C502900336F75 /* GoogleService-Info.plist in Resources */ = {isa = PBXBuildFile; fileRef = 7E0928321E4C502900336F75 /* GoogleService-Info.plist */; };
		7E7048061E4D6D1500D44EF0 /* SignInCustomView.swift in Sources */ = {isa = PBXBuildFile; fileRef = 7E7048051E4D6D1500D44EF0 /* SignInCustomView.swift */; };
		7E7048091E4D6F6800D44EF0 /* Constant.swift in Sources */ = {isa = PBXBuildFile; fileRef = 7E7048081E4D6F6800D44EF0 /* Constant.swift */; };
		7E70480B1E4D715800D44EF0 /* RoundBtn.swift in Sources */ = {isa = PBXBuildFile; fileRef = 7E70480A1E4D715800D44EF0 /* RoundBtn.swift */; };
		7E70480D1E4D73A100D44EF0 /* CustomField.swift in Sources */ = {isa = PBXBuildFile; fileRef = 7E70480C1E4D73A100D44EF0 /* CustomField.swift */; };
		7E70480F1E4D74F100D44EF0 /* CustomBtn.swift in Sources */ = {isa = PBXBuildFile; fileRef = 7E70480E1E4D74F100D44EF0 /* CustomBtn.swift */; };
		7E8A1B6E1E4DAD46002966EC /* FeedVC.swift in Sources */ = {isa = PBXBuildFile; fileRef = 7E8A1B6D1E4DAD46002966EC /* FeedVC.swift */; };
		7E9443311E517146004CD269 /* CircleView.swift in Sources */ = {isa = PBXBuildFile; fileRef = 7E9443301E517146004CD269 /* CircleView.swift */; };
/* End PBXBuildFile section */

/* Begin PBXContainerItemProxy section */
		7E0928241E4C4F9000336F75 /* PBXContainerItemProxy */ = {
			isa = PBXContainerItemProxy;
			containerPortal = 7E0928071E4C4F9000336F75 /* Project object */;
			proxyType = 1;
			remoteGlobalIDString = 7E09280E1E4C4F9000336F75;
			remoteInfo = SocialMedia;
		};
/* End PBXContainerItemProxy section */

/* Begin PBXFileReference section */
		00CDC7D6A8D683D17241A0D3 /* Pods-SocialMediaTests.debug.xcconfig */ = {isa = PBXFileReference; includeInIndex = 1; lastKnownFileType = text.xcconfig; name = "Pods-SocialMediaTests.debug.xcconfig"; path = "Pods/Target Support Files/Pods-SocialMediaTests/Pods-SocialMediaTests.debug.xcconfig"; sourceTree = "<group>"; };
		1AC0DF66B9E611AFA7E794C6 /* Pods-SocialMedia.release.xcconfig */ = {isa = PBXFileReference; includeInIndex = 1; lastKnownFileType = text.xcconfig; name = "Pods-SocialMedia.release.xcconfig"; path = "Pods/Target Support Files/Pods-SocialMedia/Pods-SocialMedia.release.xcconfig"; sourceTree = "<group>"; };
		1F7F64FD3E6F3038FFAA679D /* Pods_SocialMedia.framework */ = {isa = PBXFileReference; explicitFileType = wrapper.framework; includeInIndex = 0; path = Pods_SocialMedia.framework; sourceTree = BUILT_PRODUCTS_DIR; };
		41252D4F61EDAB9C30C6E4A4 /* Pods_SocialMediaTests.framework */ = {isa = PBXFileReference; explicitFileType = wrapper.framework; includeInIndex = 0; path = Pods_SocialMediaTests.framework; sourceTree = BUILT_PRODUCTS_DIR; };
		6CFBF5EBEA2BBBC868EFE6A5 /* Pods-SocialMediaTests.release.xcconfig */ = {isa = PBXFileReference; includeInIndex = 1; lastKnownFileType = text.xcconfig; name = "Pods-SocialMediaTests.release.xcconfig"; path = "Pods/Target Support Files/Pods-SocialMediaTests/Pods-SocialMediaTests.release.xcconfig"; sourceTree = "<group>"; };
		7E09280F1E4C4F9000336F75 /* SocialMedia.app */ = {isa = PBXFileReference; explicitFileType = wrapper.application; includeInIndex = 0; path = SocialMedia.app; sourceTree = BUILT_PRODUCTS_DIR; };
		7E0928121E4C4F9000336F75 /* AppDelegate.swift */ = {isa = PBXFileReference; lastKnownFileType = sourcecode.swift; path = AppDelegate.swift; sourceTree = "<group>"; };
		7E0928141E4C4F9000336F75 /* SignInVC.swift */ = {isa = PBXFileReference; lastKnownFileType = sourcecode.swift; path = SignInVC.swift; sourceTree = "<group>"; };
		7E0928171E4C4F9000336F75 /* Base */ = {isa = PBXFileReference; lastKnownFileType = file.storyboard; name = Base; path = Base.lproj/Main.storyboard; sourceTree = "<group>"; };
		7E0928191E4C4F9000336F75 /* Assets.xcassets */ = {isa = PBXFileReference; lastKnownFileType = folder.assetcatalog; path = Assets.xcassets; sourceTree = "<group>"; };
		7E09281C1E4C4F9000336F75 /* Base */ = {isa = PBXFileReference; lastKnownFileType = file.storyboard; name = Base; path = Base.lproj/LaunchScreen.storyboard; sourceTree = "<group>"; };
		7E09281E1E4C4F9000336F75 /* Info.plist */ = {isa = PBXFileReference; lastKnownFileType = text.plist.xml; path = Info.plist; sourceTree = "<group>"; };
		7E0928231E4C4F9000336F75 /* SocialMediaTests.xctest */ = {isa = PBXFileReference; explicitFileType = wrapper.cfbundle; includeInIndex = 0; path = SocialMediaTests.xctest; sourceTree = BUILT_PRODUCTS_DIR; };
		7E0928271E4C4F9000336F75 /* SocialMediaTests.swift */ = {isa = PBXFileReference; lastKnownFileType = sourcecode.swift; path = SocialMediaTests.swift; sourceTree = "<group>"; };
		7E0928291E4C4F9000336F75 /* Info.plist */ = {isa = PBXFileReference; lastKnownFileType = text.plist.xml; path = Info.plist; sourceTree = "<group>"; };
		7E0928321E4C502900336F75 /* GoogleService-Info.plist */ = {isa = PBXFileReference; fileEncoding = 4; lastKnownFileType = text.plist.xml; path = "GoogleService-Info.plist"; sourceTree = "<group>"; };
		7E7048051E4D6D1500D44EF0 /* SignInCustomView.swift */ = {isa = PBXFileReference; fileEncoding = 4; lastKnownFileType = sourcecode.swift; path = SignInCustomView.swift; sourceTree = "<group>"; };
		7E7048081E4D6F6800D44EF0 /* Constant.swift */ = {isa = PBXFileReference; fileEncoding = 4; lastKnownFileType = sourcecode.swift; path = Constant.swift; sourceTree = "<group>"; };
		7E70480A1E4D715800D44EF0 /* RoundBtn.swift */ = {isa = PBXFileReference; fileEncoding = 4; lastKnownFileType = sourcecode.swift; path = RoundBtn.swift; sourceTree = "<group>"; };
		7E70480C1E4D73A100D44EF0 /* CustomField.swift */ = {isa = PBXFileReference; fileEncoding = 4; lastKnownFileType = sourcecode.swift; path = CustomField.swift; sourceTree = "<group>"; };
		7E70480E1E4D74F100D44EF0 /* CustomBtn.swift */ = {isa = PBXFileReference; fileEncoding = 4; lastKnownFileType = sourcecode.swift; path = CustomBtn.swift; sourceTree = "<group>"; };
		7E8A1B6C1E4D9BE2002966EC /* SocialMedia.entitlements */ = {isa = PBXFileReference; lastKnownFileType = text.plist.entitlements; path = SocialMedia.entitlements; sourceTree = "<group>"; };
		7E8A1B6D1E4DAD46002966EC /* FeedVC.swift */ = {isa = PBXFileReference; fileEncoding = 4; lastKnownFileType = sourcecode.swift; path = FeedVC.swift; sourceTree = "<group>"; };
		7E9443301E517146004CD269 /* CircleView.swift */ = {isa = PBXFileReference; fileEncoding = 4; lastKnownFileType = sourcecode.swift; path = CircleView.swift; sourceTree = "<group>"; };
		8BEDCF981BB6FEB0654D1378 /* Pods-SocialMedia.debug.xcconfig */ = {isa = PBXFileReference; includeInIndex = 1; lastKnownFileType = text.xcconfig; name = "Pods-SocialMedia.debug.xcconfig"; path = "Pods/Target Support Files/Pods-SocialMedia/Pods-SocialMedia.debug.xcconfig"; sourceTree = "<group>"; };
/* End PBXFileReference section */

/* Begin PBXFrameworksBuildPhase section */
		7E09280C1E4C4F9000336F75 /* Frameworks */ = {
			isa = PBXFrameworksBuildPhase;
			buildActionMask = 2147483647;
			files = (
				36553763DD838F4F98920B73 /* Pods_SocialMedia.framework in Frameworks */,
			);
			runOnlyForDeploymentPostprocessing = 0;
		};
		7E0928201E4C4F9000336F75 /* Frameworks */ = {
			isa = PBXFrameworksBuildPhase;
			buildActionMask = 2147483647;
			files = (
				29A1AF0B15D94B50D2353826 /* Pods_SocialMediaTests.framework in Frameworks */,
			);
			runOnlyForDeploymentPostprocessing = 0;
		};
/* End PBXFrameworksBuildPhase section */

/* Begin PBXGroup section */
		269980CE89CA736DADF32ADA /* Pods */ = {
			isa = PBXGroup;
			children = (
				8BEDCF981BB6FEB0654D1378 /* Pods-SocialMedia.debug.xcconfig */,
				1AC0DF66B9E611AFA7E794C6 /* Pods-SocialMedia.release.xcconfig */,
				00CDC7D6A8D683D17241A0D3 /* Pods-SocialMediaTests.debug.xcconfig */,
				6CFBF5EBEA2BBBC868EFE6A5 /* Pods-SocialMediaTests.release.xcconfig */,
			);
			name = Pods;
			sourceTree = "<group>";
		};
		38B1AA3B51EB644E70C4B17B /* Frameworks */ = {
			isa = PBXGroup;
			children = (
				1F7F64FD3E6F3038FFAA679D /* Pods_SocialMedia.framework */,
				41252D4F61EDAB9C30C6E4A4 /* Pods_SocialMediaTests.framework */,
			);
			name = Frameworks;
			sourceTree = "<group>";
		};
		7E0928061E4C4F9000336F75 = {
			isa = PBXGroup;
			children = (
				7E0928111E4C4F9000336F75 /* SocialMedia */,
				7E0928261E4C4F9000336F75 /* SocialMediaTests */,
				7E0928101E4C4F9000336F75 /* Products */,
				269980CE89CA736DADF32ADA /* Pods */,
				38B1AA3B51EB644E70C4B17B /* Frameworks */,
			);
			sourceTree = "<group>";
		};
		7E0928101E4C4F9000336F75 /* Products */ = {
			isa = PBXGroup;
			children = (
				7E09280F1E4C4F9000336F75 /* SocialMedia.app */,
				7E0928231E4C4F9000336F75 /* SocialMediaTests.xctest */,
			);
			name = Products;
			sourceTree = "<group>";
		};
		7E0928111E4C4F9000336F75 /* SocialMedia */ = {
			isa = PBXGroup;
			children = (
				7E8A1B6C1E4D9BE2002966EC /* SocialMedia.entitlements */,
				7E7048071E4D6F5700D44EF0 /* Util */,
				7E0928341E4C52CA00336F75 /* Model */,
				7E0928361E4C52D500336F75 /* Controller */,
				7E0928351E4C52D100336F75 /* View */,
				7E0928121E4C4F9000336F75 /* AppDelegate.swift */,
				7E0928161E4C4F9000336F75 /* Main.storyboard */,
				7E0928191E4C4F9000336F75 /* Assets.xcassets */,
				7E09281B1E4C4F9000336F75 /* LaunchScreen.storyboard */,
				7E09281E1E4C4F9000336F75 /* Info.plist */,
				7E0928321E4C502900336F75 /* GoogleService-Info.plist */,
			);
			path = SocialMedia;
			sourceTree = "<group>";
		};
		7E0928261E4C4F9000336F75 /* SocialMediaTests */ = {
			isa = PBXGroup;
			children = (
				7E0928271E4C4F9000336F75 /* SocialMediaTests.swift */,
				7E0928291E4C4F9000336F75 /* Info.plist */,
			);
			path = SocialMediaTests;
			sourceTree = "<group>";
		};
		7E0928341E4C52CA00336F75 /* Model */ = {
			isa = PBXGroup;
			children = (
			);
			name = Model;
			sourceTree = "<group>";
		};
		7E0928351E4C52D100336F75 /* View */ = {
			isa = PBXGroup;
			children = (
				7E7048051E4D6D1500D44EF0 /* SignInCustomView.swift */,
				7E70480A1E4D715800D44EF0 /* RoundBtn.swift */,
				7E70480C1E4D73A100D44EF0 /* CustomField.swift */,
				7E70480E1E4D74F100D44EF0 /* CustomBtn.swift */,
				7E9443301E517146004CD269 /* CircleView.swift */,
			);
			name = View;
			sourceTree = "<group>";
		};
		7E0928361E4C52D500336F75 /* Controller */ = {
			isa = PBXGroup;
			children = (
				7E0928141E4C4F9000336F75 /* SignInVC.swift */,
				7E8A1B6D1E4DAD46002966EC /* FeedVC.swift */,
			);
			name = Controller;
			sourceTree = "<group>";
		};
		7E7048071E4D6F5700D44EF0 /* Util */ = {
			isa = PBXGroup;
			children = (
				7E7048081E4D6F6800D44EF0 /* Constant.swift */,
			);
			name = Util;
			sourceTree = "<group>";
		};
/* End PBXGroup section */

/* Begin PBXNativeTarget section */
		7E09280E1E4C4F9000336F75 /* SocialMedia */ = {
			isa = PBXNativeTarget;
			buildConfigurationList = 7E09282C1E4C4F9000336F75 /* Build configuration list for PBXNativeTarget "SocialMedia" */;
			buildPhases = (
				A809DF8A2D166D066526C594 /* [CP] Check Pods Manifest.lock */,
				7E09280B1E4C4F9000336F75 /* Sources */,
				7E09280C1E4C4F9000336F75 /* Frameworks */,
				7E09280D1E4C4F9000336F75 /* Resources */,
				7DB804BB3B56E8F6D78DA1FB /* [CP] Embed Pods Frameworks */,
				60654B32147D9BDBD190F00D /* [CP] Copy Pods Resources */,
			);
			buildRules = (
			);
			dependencies = (
			);
			name = SocialMedia;
			productName = SocialMedia;
			productReference = 7E09280F1E4C4F9000336F75 /* SocialMedia.app */;
			productType = "com.apple.product-type.application";
		};
		7E0928221E4C4F9000336F75 /* SocialMediaTests */ = {
			isa = PBXNativeTarget;
			buildConfigurationList = 7E09282F1E4C4F9000336F75 /* Build configuration list for PBXNativeTarget "SocialMediaTests" */;
			buildPhases = (
				613F6DFC6C2194004CA30F6F /* [CP] Check Pods Manifest.lock */,
				7E09281F1E4C4F9000336F75 /* Sources */,
				7E0928201E4C4F9000336F75 /* Frameworks */,
				7E0928211E4C4F9000336F75 /* Resources */,
				3B3BF7926958723817F39F7F /* [CP] Embed Pods Frameworks */,
				462F19D1C566D60DD5A9DE9F /* [CP] Copy Pods Resources */,
			);
			buildRules = (
			);
			dependencies = (
				7E0928251E4C4F9000336F75 /* PBXTargetDependency */,
			);
			name = SocialMediaTests;
			productName = SocialMediaTests;
			productReference = 7E0928231E4C4F9000336F75 /* SocialMediaTests.xctest */;
			productType = "com.apple.product-type.bundle.unit-test";
		};
/* End PBXNativeTarget section */

/* Begin PBXProject section */
		7E0928071E4C4F9000336F75 /* Project object */ = {
			isa = PBXProject;
			attributes = {
				LastSwiftUpdateCheck = 0810;
				LastUpgradeCheck = 0810;
				ORGANIZATIONNAME = "홍창남";
				TargetAttributes = {
					7E09280E1E4C4F9000336F75 = {
						CreatedOnToolsVersion = 8.1;
						DevelopmentTeam = W6XUQ3PPN9;
						ProvisioningStyle = Automatic;
						SystemCapabilities = {
							com.apple.Keychain = {
								enabled = 1;
							};
						};
					};
					7E0928221E4C4F9000336F75 = {
						CreatedOnToolsVersion = 8.1;
						DevelopmentTeam = W6XUQ3PPN9;
						ProvisioningStyle = Automatic;
						TestTargetID = 7E09280E1E4C4F9000336F75;
					};
				};
			};
			buildConfigurationList = 7E09280A1E4C4F9000336F75 /* Build configuration list for PBXProject "SocialMedia" */;
			compatibilityVersion = "Xcode 3.2";
			developmentRegion = English;
			hasScannedForEncodings = 0;
			knownRegions = (
				en,
				Base,
			);
			mainGroup = 7E0928061E4C4F9000336F75;
			productRefGroup = 7E0928101E4C4F9000336F75 /* Products */;
			projectDirPath = "";
			projectRoot = "";
			targets = (
				7E09280E1E4C4F9000336F75 /* SocialMedia */,
				7E0928221E4C4F9000336F75 /* SocialMediaTests */,
			);
		};
/* End PBXProject section */

/* Begin PBXResourcesBuildPhase section */
		7E09280D1E4C4F9000336F75 /* Resources */ = {
			isa = PBXResourcesBuildPhase;
			buildActionMask = 2147483647;
			files = (
				7E09281D1E4C4F9000336F75 /* LaunchScreen.storyboard in Resources */,
				7E0928331E4C502900336F75 /* GoogleService-Info.plist in Resources */,
				7E09281A1E4C4F9000336F75 /* Assets.xcassets in Resources */,
				7E0928181E4C4F9000336F75 /* Main.storyboard in Resources */,
			);
			runOnlyForDeploymentPostprocessing = 0;
		};
		7E0928211E4C4F9000336F75 /* Resources */ = {
			isa = PBXResourcesBuildPhase;
			buildActionMask = 2147483647;
			files = (
			);
			runOnlyForDeploymentPostprocessing = 0;
		};
/* End PBXResourcesBuildPhase section */

/* Begin PBXShellScriptBuildPhase section */
		3B3BF7926958723817F39F7F /* [CP] Embed Pods Frameworks */ = {
			isa = PBXShellScriptBuildPhase;
			buildActionMask = 2147483647;
			files = (
			);
			inputPaths = (
			);
			name = "[CP] Embed Pods Frameworks";
			outputPaths = (
			);
			runOnlyForDeploymentPostprocessing = 0;
			shellPath = /bin/sh;
			shellScript = "\"${SRCROOT}/Pods/Target Support Files/Pods-SocialMediaTests/Pods-SocialMediaTests-frameworks.sh\"\n";
			showEnvVarsInLog = 0;
		};
		462F19D1C566D60DD5A9DE9F /* [CP] Copy Pods Resources */ = {
			isa = PBXShellScriptBuildPhase;
			buildActionMask = 2147483647;
			files = (
			);
			inputPaths = (
			);
			name = "[CP] Copy Pods Resources";
			outputPaths = (
			);
			runOnlyForDeploymentPostprocessing = 0;
			shellPath = /bin/sh;
			shellScript = "\"${SRCROOT}/Pods/Target Support Files/Pods-SocialMediaTests/Pods-SocialMediaTests-resources.sh\"\n";
			showEnvVarsInLog = 0;
		};
		60654B32147D9BDBD190F00D /* [CP] Copy Pods Resources */ = {
			isa = PBXShellScriptBuildPhase;
			buildActionMask = 2147483647;
			files = (
			);
			inputPaths = (
			);
			name = "[CP] Copy Pods Resources";
			outputPaths = (
			);
			runOnlyForDeploymentPostprocessing = 0;
			shellPath = /bin/sh;
			shellScript = "\"${SRCROOT}/Pods/Target Support Files/Pods-SocialMedia/Pods-SocialMedia-resources.sh\"\n";
			showEnvVarsInLog = 0;
		};
		613F6DFC6C2194004CA30F6F /* [CP] Check Pods Manifest.lock */ = {
			isa = PBXShellScriptBuildPhase;
			buildActionMask = 2147483647;
			files = (
			);
			inputPaths = (
			);
			name = "[CP] Check Pods Manifest.lock";
			outputPaths = (
			);
			runOnlyForDeploymentPostprocessing = 0;
			shellPath = /bin/sh;
			shellScript = "diff \"${PODS_ROOT}/../Podfile.lock\" \"${PODS_ROOT}/Manifest.lock\" > /dev/null\nif [ $? != 0 ] ; then\n    # print error to STDERR\n    echo \"error: The sandbox is not in sync with the Podfile.lock. Run 'pod install' or update your CocoaPods installation.\" >&2\n    exit 1\nfi\n";
			showEnvVarsInLog = 0;
		};
		7DB804BB3B56E8F6D78DA1FB /* [CP] Embed Pods Frameworks */ = {
			isa = PBXShellScriptBuildPhase;
			buildActionMask = 2147483647;
			files = (
			);
			inputPaths = (
			);
			name = "[CP] Embed Pods Frameworks";
			outputPaths = (
			);
			runOnlyForDeploymentPostprocessing = 0;
			shellPath = /bin/sh;
			shellScript = "\"${SRCROOT}/Pods/Target Support Files/Pods-SocialMedia/Pods-SocialMedia-frameworks.sh\"\n";
			showEnvVarsInLog = 0;
		};
		A809DF8A2D166D066526C594 /* [CP] Check Pods Manifest.lock */ = {
			isa = PBXShellScriptBuildPhase;
			buildActionMask = 2147483647;
			files = (
			);
			inputPaths = (
			);
			name = "[CP] Check Pods Manifest.lock";
			outputPaths = (
			);
			runOnlyForDeploymentPostprocessing = 0;
			shellPath = /bin/sh;
			shellScript = "diff \"${PODS_ROOT}/../Podfile.lock\" \"${PODS_ROOT}/Manifest.lock\" > /dev/null\nif [ $? != 0 ] ; then\n    # print error to STDERR\n    echo \"error: The sandbox is not in sync with the Podfile.lock. Run 'pod install' or update your CocoaPods installation.\" >&2\n    exit 1\nfi\n";
			showEnvVarsInLog = 0;
		};
/* End PBXShellScriptBuildPhase section */

/* Begin PBXSourcesBuildPhase section */
		7E09280B1E4C4F9000336F75 /* Sources */ = {
			isa = PBXSourcesBuildPhase;
			buildActionMask = 2147483647;
			files = (
				7E9443311E517146004CD269 /* CircleView.swift in Sources */,
				7E7048061E4D6D1500D44EF0 /* SignInCustomView.swift in Sources */,
				7E70480B1E4D715800D44EF0 /* RoundBtn.swift in Sources */,
				7E0928151E4C4F9000336F75 /* SignInVC.swift in Sources */,
				7E70480F1E4D74F100D44EF0 /* CustomBtn.swift in Sources */,
				7E8A1B6E1E4DAD46002966EC /* FeedVC.swift in Sources */,
				7E70480D1E4D73A100D44EF0 /* CustomField.swift in Sources */,
				7E0928131E4C4F9000336F75 /* AppDelegate.swift in Sources */,
				7E7048091E4D6F6800D44EF0 /* Constant.swift in Sources */,
			);
			runOnlyForDeploymentPostprocessing = 0;
		};
		7E09281F1E4C4F9000336F75 /* Sources */ = {
			isa = PBXSourcesBuildPhase;
			buildActionMask = 2147483647;
			files = (
				7E0928281E4C4F9000336F75 /* SocialMediaTests.swift in Sources */,
			);
			runOnlyForDeploymentPostprocessing = 0;
		};
/* End PBXSourcesBuildPhase section */

/* Begin PBXTargetDependency section */
		7E0928251E4C4F9000336F75 /* PBXTargetDependency */ = {
			isa = PBXTargetDependency;
			target = 7E09280E1E4C4F9000336F75 /* SocialMedia */;
			targetProxy = 7E0928241E4C4F9000336F75 /* PBXContainerItemProxy */;
		};
/* End PBXTargetDependency section */

/* Begin PBXVariantGroup section */
		7E0928161E4C4F9000336F75 /* Main.storyboard */ = {
			isa = PBXVariantGroup;
			children = (
				7E0928171E4C4F9000336F75 /* Base */,
			);
			name = Main.storyboard;
			sourceTree = "<group>";
		};
		7E09281B1E4C4F9000336F75 /* LaunchScreen.storyboard */ = {
			isa = PBXVariantGroup;
			children = (
				7E09281C1E4C4F9000336F75 /* Base */,
			);
			name = LaunchScreen.storyboard;
			sourceTree = "<group>";
		};
/* End PBXVariantGroup section */

/* Begin XCBuildConfiguration section */
		7E09282A1E4C4F9000336F75 /* Debug */ = {
			isa = XCBuildConfiguration;
			buildSettings = {
				ALWAYS_SEARCH_USER_PATHS = NO;
				CLANG_ANALYZER_NONNULL = YES;
				CLANG_CXX_LANGUAGE_STANDARD = "gnu++0x";
				CLANG_CXX_LIBRARY = "libc++";
				CLANG_ENABLE_MODULES = YES;
				CLANG_ENABLE_OBJC_ARC = YES;
				CLANG_WARN_BOOL_CONVERSION = YES;
				CLANG_WARN_CONSTANT_CONVERSION = YES;
				CLANG_WARN_DIRECT_OBJC_ISA_USAGE = YES_ERROR;
				CLANG_WARN_DOCUMENTATION_COMMENTS = YES;
				CLANG_WARN_EMPTY_BODY = YES;
				CLANG_WARN_ENUM_CONVERSION = YES;
				CLANG_WARN_INFINITE_RECURSION = YES;
				CLANG_WARN_INT_CONVERSION = YES;
				CLANG_WARN_OBJC_ROOT_CLASS = YES_ERROR;
				CLANG_WARN_SUSPICIOUS_MOVES = YES;
				CLANG_WARN_UNREACHABLE_CODE = YES;
				CLANG_WARN__DUPLICATE_METHOD_MATCH = YES;
				"CODE_SIGN_IDENTITY[sdk=iphoneos*]" = "iPhone Developer";
				COPY_PHASE_STRIP = NO;
				DEBUG_INFORMATION_FORMAT = "dwarf-with-dsym";
				ENABLE_STRICT_OBJC_MSGSEND = YES;
				ENABLE_TESTABILITY = NO;
				GCC_C_LANGUAGE_STANDARD = gnu99;
				GCC_DYNAMIC_NO_PIC = NO;
				GCC_NO_COMMON_BLOCKS = YES;
				GCC_OPTIMIZATION_LEVEL = 0;
				GCC_PREPROCESSOR_DEFINITIONS = (
					"DEBUG=1",
					"$(inherited)",
				);
				GCC_WARN_64_TO_32_BIT_CONVERSION = YES;
				GCC_WARN_ABOUT_RETURN_TYPE = YES_ERROR;
				GCC_WARN_UNDECLARED_SELECTOR = YES;
				GCC_WARN_UNINITIALIZED_AUTOS = YES_AGGRESSIVE;
				GCC_WARN_UNUSED_FUNCTION = YES;
				GCC_WARN_UNUSED_VARIABLE = YES;
				IPHONEOS_DEPLOYMENT_TARGET = 10.1;
				MTL_ENABLE_DEBUG_INFO = YES;
				ONLY_ACTIVE_ARCH = YES;
				SDKROOT = iphoneos;
				SWIFT_ACTIVE_COMPILATION_CONDITIONS = DEBUG;
				SWIFT_OPTIMIZATION_LEVEL = "-Onone";
				TARGETED_DEVICE_FAMILY = "1,2";
			};
			name = Debug;
		};
		7E09282B1E4C4F9000336F75 /* Release */ = {
			isa = XCBuildConfiguration;
			buildSettings = {
				ALWAYS_SEARCH_USER_PATHS = NO;
				CLANG_ANALYZER_NONNULL = YES;
				CLANG_CXX_LANGUAGE_STANDARD = "gnu++0x";
				CLANG_CXX_LIBRARY = "libc++";
				CLANG_ENABLE_MODULES = YES;
				CLANG_ENABLE_OBJC_ARC = YES;
				CLANG_WARN_BOOL_CONVERSION = YES;
				CLANG_WARN_CONSTANT_CONVERSION = YES;
				CLANG_WARN_DIRECT_OBJC_ISA_USAGE = YES_ERROR;
				CLANG_WARN_DOCUMENTATION_COMMENTS = YES;
				CLANG_WARN_EMPTY_BODY = YES;
				CLANG_WARN_ENUM_CONVERSION = YES;
				CLANG_WARN_INFINITE_RECURSION = YES;
				CLANG_WARN_INT_CONVERSION = YES;
				CLANG_WARN_OBJC_ROOT_CLASS = YES_ERROR;
				CLANG_WARN_SUSPICIOUS_MOVES = YES;
				CLANG_WARN_UNREACHABLE_CODE = YES;
				CLANG_WARN__DUPLICATE_METHOD_MATCH = YES;
				"CODE_SIGN_IDENTITY[sdk=iphoneos*]" = "iPhone Developer";
				COPY_PHASE_STRIP = NO;
				DEBUG_INFORMATION_FORMAT = "dwarf-with-dsym";
				ENABLE_NS_ASSERTIONS = NO;
				ENABLE_STRICT_OBJC_MSGSEND = YES;
				GCC_C_LANGUAGE_STANDARD = gnu99;
				GCC_NO_COMMON_BLOCKS = YES;
				GCC_WARN_64_TO_32_BIT_CONVERSION = YES;
				GCC_WARN_ABOUT_RETURN_TYPE = YES_ERROR;
				GCC_WARN_UNDECLARED_SELECTOR = YES;
				GCC_WARN_UNINITIALIZED_AUTOS = YES_AGGRESSIVE;
				GCC_WARN_UNUSED_FUNCTION = YES;
				GCC_WARN_UNUSED_VARIABLE = YES;
				IPHONEOS_DEPLOYMENT_TARGET = 10.1;
				MTL_ENABLE_DEBUG_INFO = NO;
				SDKROOT = iphoneos;
				SWIFT_OPTIMIZATION_LEVEL = "-Owholemodule";
				TARGETED_DEVICE_FAMILY = "1,2";
				VALIDATE_PRODUCT = NO;
			};
			name = Release;
		};
		7E09282D1E4C4F9000336F75 /* Debug */ = {
			isa = XCBuildConfiguration;
			baseConfigurationReference = 8BEDCF981BB6FEB0654D1378 /* Pods-SocialMedia.debug.xcconfig */;
			buildSettings = {
				ASSETCATALOG_COMPILER_APPICON_NAME = AppIcon;
				CODE_SIGN_ENTITLEMENTS = SocialMedia/SocialMedia.entitlements;
				DEVELOPMENT_TEAM = W6XUQ3PPN9;
				INFOPLIST_FILE = SocialMedia/Info.plist;
				LD_RUNPATH_SEARCH_PATHS = "$(inherited) @executable_path/Frameworks";
				PRODUCT_BUNDLE_IDENTIFIER = com.hcn1519.SocialMedia;
				PRODUCT_NAME = "$(TARGET_NAME)";
				SWIFT_VERSION = 3.0;
			};
			name = Debug;
		};
		7E09282E1E4C4F9000336F75 /* Release */ = {
			isa = XCBuildConfiguration;
			baseConfigurationReference = 1AC0DF66B9E611AFA7E794C6 /* Pods-SocialMedia.release.xcconfig */;
			buildSettings = {
				ASSETCATALOG_COMPILER_APPICON_NAME = AppIcon;
				CODE_SIGN_ENTITLEMENTS = SocialMedia/SocialMedia.entitlements;
				DEVELOPMENT_TEAM = W6XUQ3PPN9;
				INFOPLIST_FILE = SocialMedia/Info.plist;
				LD_RUNPATH_SEARCH_PATHS = "$(inherited) @executable_path/Frameworks";
				PRODUCT_BUNDLE_IDENTIFIER = com.hcn1519.SocialMedia;
				PRODUCT_NAME = "$(TARGET_NAME)";
				SWIFT_VERSION = 3.0;
				"USER_HEADER_SEARCH_PATHS[arch=*]" = "\"${PODS_ROOT}/\"";
			};
			name = Release;
		};
		7E0928301E4C4F9000336F75 /* Debug */ = {
			isa = XCBuildConfiguration;
			baseConfigurationReference = 00CDC7D6A8D683D17241A0D3 /* Pods-SocialMediaTests.debug.xcconfig */;
			buildSettings = {
				ALWAYS_EMBED_SWIFT_STANDARD_LIBRARIES = YES;
				BUNDLE_LOADER = "$(TEST_HOST)";
				DEVELOPMENT_TEAM = W6XUQ3PPN9;
				INFOPLIST_FILE = SocialMediaTests/Info.plist;
				LD_RUNPATH_SEARCH_PATHS = "$(inherited) @executable_path/Frameworks @loader_path/Frameworks";
				PRODUCT_BUNDLE_IDENTIFIER = com.hcn1519.SocialMediaTests;
				PRODUCT_NAME = "$(TARGET_NAME)";
				SWIFT_VERSION = 3.0;
				TEST_HOST = "$(BUILT_PRODUCTS_DIR)/SocialMedia.app/SocialMedia";
			};
			name = Debug;
		};
		7E0928311E4C4F9000336F75 /* Release */ = {
			isa = XCBuildConfiguration;
			baseConfigurationReference = 6CFBF5EBEA2BBBC868EFE6A5 /* Pods-SocialMediaTests.release.xcconfig */;
			buildSettings = {
				ALWAYS_EMBED_SWIFT_STANDARD_LIBRARIES = YES;
				BUNDLE_LOADER = "$(TEST_HOST)";
				DEVELOPMENT_TEAM = W6XUQ3PPN9;
				INFOPLIST_FILE = SocialMediaTests/Info.plist;
				LD_RUNPATH_SEARCH_PATHS = "$(inherited) @executable_path/Frameworks @loader_path/Frameworks";
				PRODUCT_BUNDLE_IDENTIFIER = com.hcn1519.SocialMediaTests;
				PRODUCT_NAME = "$(TARGET_NAME)";
				SWIFT_VERSION = 3.0;
				TEST_HOST = "$(BUILT_PRODUCTS_DIR)/SocialMedia.app/SocialMedia";
			};
			name = Release;
		};
/* End XCBuildConfiguration section */

/* Begin XCConfigurationList section */
		7E09280A1E4C4F9000336F75 /* Build configuration list for PBXProject "SocialMedia" */ = {
			isa = XCConfigurationList;
			buildConfigurations = (
				7E09282A1E4C4F9000336F75 /* Debug */,
				7E09282B1E4C4F9000336F75 /* Release */,
			);
			defaultConfigurationIsVisible = 0;
			defaultConfigurationName = Release;
		};
		7E09282C1E4C4F9000336F75 /* Build configuration list for PBXNativeTarget "SocialMedia" */ = {
			isa = XCConfigurationList;
			buildConfigurations = (
				7E09282D1E4C4F9000336F75 /* Debug */,
				7E09282E1E4C4F9000336F75 /* Release */,
			);
			defaultConfigurationIsVisible = 0;
			defaultConfigurationName = Release;
		};
		7E09282F1E4C4F9000336F75 /* Build configuration list for PBXNativeTarget "SocialMediaTests" */ = {
			isa = XCConfigurationList;
			buildConfigurations = (
				7E0928301E4C4F9000336F75 /* Debug */,
				7E0928311E4C4F9000336F75 /* Release */,
			);
			defaultConfigurationIsVisible = 0;
			defaultConfigurationName = Release;
		};
/* End XCConfigurationList section */
	};
	rootObject = 7E0928071E4C4F9000336F75 /* Project object */;
}
